
Microsoft Visual Studio Solution File, Format Version 12.00
# Visual Studio Version 17
VisualStudioVersion = 17.10.34916.146
MinimumVisualStudioVersion = 10.0.40219.1
Project("{FAE04EC0-301F-11D3-BF4B-00C04F79EFBC}") = "UrbanGents", "UrbanGents\UrbanGents.csproj", "{277861CC-F5E0-472A-8774-93B5ED2A27A5}"
EndProject
Global
	GlobalSection(SolutionConfigurationPlatforms) = preSolution
		Debug|Any CPU = Debug|Any CPU
		Release|Any CPU = Release|Any CPU
	EndGlobalSection
	GlobalSection(ProjectConfigurationPlatforms) = postSolution
		{277861CC-F5E0-472A-8774-93B5ED2A27A5}.Debug|Any CPU.ActiveCfg = Debug|Any CPU
		{277861CC-F5E0-472A-8774-93B5ED2A27A5}.Debug|Any CPU.Build.0 = Debug|Any CPU
		{277861CC-F5E0-472A-8774-93B5ED2A27A5}.Release|Any CPU.ActiveCfg = Release|Any CPU
		{277861CC-F5E0-472A-8774-93B5ED2A27A5}.Release|Any CPU.Build.0 = Release|Any CPU
	EndGlobalSection
	GlobalSection(SolutionProperties) = preSolution
		HideSolutionNode = FALSE
	EndGlobalSection
	GlobalSection(ExtensibilityGlobals) = postSolution
		SolutionGuid = {225E6FE1-87EE-4028-BC67-D3702BC55FE9}
	EndGlobalSection
EndGlobal
